
Microsoft Visual Studio Solution File, Format Version 12.00
# Visual Studio 15
VisualStudioVersion = 15.0.28307.168
MinimumVisualStudioVersion = 10.0.40219.1
Project("{FAE04EC0-301F-11D3-BF4B-00C04F79EFBC}") = "TravellingThiefProblem", "TravellingThiefProblem\TravellingThiefProblem.csproj", "{8A5D994F-3678-4CB5-9270-7178A716317B}"
EndProject
Global
	GlobalSection(SolutionConfigurationPlatforms) = preSolution
		Debug|Any CPU = Debug|Any CPU
		Release|Any CPU = Release|Any CPU
	EndGlobalSection
	GlobalSection(ProjectConfigurationPlatforms) = postSolution
		{8A5D994F-3678-4CB5-9270-7178A716317B}.Debug|Any CPU.ActiveCfg = Debug|Any CPU
		{8A5D994F-3678-4CB5-9270-7178A716317B}.Debug|Any CPU.Build.0 = Debug|Any CPU
		{8A5D994F-3678-4CB5-9270-7178A716317B}.Release|Any CPU.ActiveCfg = Release|Any CPU
		{8A5D994F-3678-4CB5-9270-7178A716317B}.Release|Any CPU.Build.0 = Release|Any CPU
	EndGlobalSection
	GlobalSection(SolutionProperties) = preSolution
		HideSolutionNode = FALSE
	EndGlobalSection
	GlobalSection(ExtensibilityGlobals) = postSolution
		SolutionGuid = {6039C119-F3E9-4C0E-A245-091D7F074AFC}
	EndGlobalSection
EndGlobal
